PODS:
  - DMiosMath (0.9.5)
  - DMMathEditor (0.4.0):
    - DMiosMath

DEPENDENCIES:
  - DMiosMath (from `../iosMath`)
  - DMMathEditor (from `./`)

EXTERNAL SOURCES:
  DMiosMath:
    :path: "../iosMath"
  DMMathEditor:
    :path: "./"

SPEC CHECKSUMS:
  DMiosMath: 23471aa45ad4722b7cbe63d943824d1e418c8c6e
  DMMathEditor: 131dbab57a8fc69163e3542ec66129295f663015

PODFILE CHECKSUM: bf0a72485336e3b879108e2446a429a43b7e0e2c

COCOAPODS: 1.6.1
