PODS:
  - iosMath (0.9.8)
  - MathEditor (0.6.0)

DEPENDENCIES:
  - "iosMath (from `git@github.com:doberman/iosMath.git`)"
  - MathEditor (from `./`)

EXTERNAL SOURCES:
  iosMath:
    :git: "git@github.com:doberman/iosMath.git"
  MathEditor:
    :path: "./"

CHECKOUT OPTIONS:
  iosMath:
    :commit: c3e51e1b412c607a93e820405d3860df837ffe71
    :git: "git@github.com:doberman/iosMath.git"

SPEC CHECKSUMS:
  iosMath: b987a4b15a96b8bbe4529184a83dc1a8e4dbf4d1
  MathEditor: 1ee5c0c9aadbead08b1cd02919f66aa7564cdaf6

PODFILE CHECKSUM: 816fe1117e500e0bc4366dfaf922e262bbaa8b46

COCOAPODS: 1.7.0.beta.3
